// !$*UTF8*$!
{
	archiveVersion = 1;
	classes = {
	};
	objectVersion = 54;
	objects = {

/* Begin PBXBuildFile section */
		00E356F31AD99517003FC87E /* rnAppCurrencyConverterTests.m in Sources */ = {isa = PBXBuildFile; fileRef = 00E356F21AD99517003FC87E /* rnAppCurrencyConverterTests.m */; };
		04DB5E82D42D4438A3CDDBD4 /* BeVietnamPro-SemiBoldItalic.ttf in Resources */ = {isa = PBXBuildFile; fileRef = DE6E9BEADD9643D582FE6030 /* BeVietnamPro-SemiBoldItalic.ttf */; };
		079DD4D6E08C46C387685A96 /* BeVietnamPro-Medium.ttf in Resources */ = {isa = PBXBuildFile; fileRef = 19BBB331B41048B7897DDB7F /* BeVietnamPro-Medium.ttf */; };
		1051B548F68344558660EB12 /* BeVietnamPro-Italic.ttf in Resources */ = {isa = PBXBuildFile; fileRef = FFE8B9D9474149539538E0F0 /* BeVietnamPro-Italic.ttf */; };
		13B07FBC1A68108700A75B9A /* AppDelegate.m in Sources */ = {isa = PBXBuildFile; fileRef = 13B07FB01A68108700A75B9A /* AppDelegate.m */; };
		13B07FBF1A68108700A75B9A /* Images.xcassets in Resources */ = {isa = PBXBuildFile; fileRef = 13B07FB51A68108700A75B9A /* Images.xcassets */; };
		13B07FC11A68108700A75B9A /* main.m in Sources */ = {isa = PBXBuildFile; fileRef = 13B07FB71A68108700A75B9A /* main.m */; };
		1AF0E4B61B63486BA37A3B77 /* libPods-rnAppCurrencyConverter.a in Frameworks */ = {isa = PBXBuildFile; fileRef = 361C51881F832E43530E285A /* libPods-rnAppCurrencyConverter.a */; };
		22839CBD06504E6B8F3B6A8B /* BeVietnamPro-SemiBold.ttf in Resources */ = {isa = PBXBuildFile; fileRef = 085CFCBA4D914DF4A16AB3E5 /* BeVietnamPro-SemiBold.ttf */; };
		37D19D87C13C43A78CBC9C72 /* BeVietnamPro-Black.ttf in Resources */ = {isa = PBXBuildFile; fileRef = A79631F0F14843A09DBCB7A6 /* BeVietnamPro-Black.ttf */; };
		4552E14A6680443CBBB7C5BE /* BeVietnamPro-Regular.ttf in Resources */ = {isa = PBXBuildFile; fileRef = C070EA809C6F42DC86B62FB6 /* BeVietnamPro-Regular.ttf */; };
		4AFF862A8349486CBB3B262A /* BeVietnamPro-Bold.ttf in Resources */ = {isa = PBXBuildFile; fileRef = 317974D4C542471A82B7DF5A /* BeVietnamPro-Bold.ttf */; };
		75C0DC70FD8142A394042A02 /* BeVietnamPro-BoldItalic.ttf in Resources */ = {isa = PBXBuildFile; fileRef = CA08C0787AC24C3E8A6330F1 /* BeVietnamPro-BoldItalic.ttf */; };
		787255C6A2F241A6A4CFCE4F /* BeVietnamPro-ExtraBoldItalic.ttf in Resources */ = {isa = PBXBuildFile; fileRef = 821146331DA64F758610B0C6 /* BeVietnamPro-ExtraBoldItalic.ttf */; };
		81AB9BB82411601600AC10FF /* LaunchScreen.storyboard in Resources */ = {isa = PBXBuildFile; fileRef = 81AB9BB72411601600AC10FF /* LaunchScreen.storyboard */; };
		84EE1C6498684530B01D4543 /* BeVietnamPro-ExtraBold.ttf in Resources */ = {isa = PBXBuildFile; fileRef = 590CF88B8FC74808A42D44D6 /* BeVietnamPro-ExtraBold.ttf */; };
		9DD83700461E472DB03662A1 /* BeVietnamPro-Light.ttf in Resources */ = {isa = PBXBuildFile; fileRef = 58F7324FFF1D4FC0A92AF236 /* BeVietnamPro-Light.ttf */; };
		9F0C3F8899DA4DA096C874B1 /* BeVietnamPro-Thin.ttf in Resources */ = {isa = PBXBuildFile; fileRef = E195E0A357DA44AFA6A8300E /* BeVietnamPro-Thin.ttf */; };
		9FE9B0DFF9CB4C21AC4CF9B8 /* BeVietnamPro-ThinItalic.ttf in Resources */ = {isa = PBXBuildFile; fileRef = 9E69C83A121E462D9B457D8C /* BeVietnamPro-ThinItalic.ttf */; };
		B6A5FB4D0E9C4F8399A17F8C /* BeVietnamPro-ExtraLight.ttf in Resources */ = {isa = PBXBuildFile; fileRef = 06021846BB7A4288B56E75DC /* BeVietnamPro-ExtraLight.ttf */; };
		BC9A4E8D7B9D4EE28949F16F /* BeVietnamPro-MediumItalic.ttf in Resources */ = {isa = PBXBuildFile; fileRef = 00010E83A480401E9719DF0C /* BeVietnamPro-MediumItalic.ttf */; };
		C0DCCB1DA057689F081FA08E /* libPods-rnAppCurrencyConverter-rnAppCurrencyConverterTests.a in Frameworks */ = {isa = PBXBuildFile; fileRef = 0DA6238BACB6D207B3032707 /* libPods-rnAppCurrencyConverter-rnAppCurrencyConverterTests.a */; };
		C9ABBCD277234C7FBEBFD91B /* BeVietnamPro-BlackItalic.ttf in Resources */ = {isa = PBXBuildFile; fileRef = 869AD2E8B93B4CE59B534075 /* BeVietnamPro-BlackItalic.ttf */; };
		F0C0C324B1BA42BAB39A4BE3 /* BeVietnamPro-LightItalic.ttf in Resources */ = {isa = PBXBuildFile; fileRef = A58C68737ECF4496BB737017 /* BeVietnamPro-LightItalic.ttf */; };
		F1A6E63FB5E9484D8D48EB99 /* BeVietnamPro-ExtraLightItalic.ttf in Resources */ = {isa = PBXBuildFile; fileRef = 0EE7BC09A96048779B0A466B /* BeVietnamPro-ExtraLightItalic.ttf */; };
/* End PBXBuildFile section */

/* Begin PBXContainerItemProxy section */
		00E356F41AD99517003FC87E /* PBXContainerItemProxy */ = {
			isa = PBXContainerItemProxy;
			containerPortal = 83CBB9F71A601CBA00E9B192 /* Project object */;
			proxyType = 1;
			remoteGlobalIDString = 13B07F861A680F5B00A75B9A;
			remoteInfo = rnAppCurrencyConverter;
		};
/* End PBXContainerItemProxy section */

/* Begin PBXFileReference section */
		00010E83A480401E9719DF0C /* BeVietnamPro-MediumItalic.ttf */ = {isa = PBXFileReference; explicitFileType = undefined; fileEncoding = 9; includeInIndex = 0; lastKnownFileType = unknown; name = "BeVietnamPro-MediumItalic.ttf"; path = "../src/assets/fonts/BeVietnamPro/BeVietnamPro-MediumItalic.ttf"; sourceTree = "<group>"; };
		00E356EE1AD99517003FC87E /* rnAppCurrencyConverterTests.xctest */ = {isa = PBXFileReference; explicitFileType = wrapper.cfbundle; includeInIndex = 0; path = rnAppCurrencyConverterTests.xctest; sourceTree = BUILT_PRODUCTS_DIR; };
		00E356F11AD99517003FC87E /* Info.plist */ = {isa = PBXFileReference; lastKnownFileType = text.plist.xml; path = Info.plist; sourceTree = "<group>"; };
		00E356F21AD99517003FC87E /* rnAppCurrencyConverterTests.m */ = {isa = PBXFileReference; lastKnownFileType = sourcecode.c.objc; path = rnAppCurrencyConverterTests.m; sourceTree = "<group>"; };
		0522398F85D6C83E349A6123 /* Pods-rnAppCurrencyConverter-rnAppCurrencyConverterTests.release.xcconfig */ = {isa = PBXFileReference; includeInIndex = 1; lastKnownFileType = text.xcconfig; name = "Pods-rnAppCurrencyConverter-rnAppCurrencyConverterTests.release.xcconfig"; path = "Target Support Files/Pods-rnAppCurrencyConverter-rnAppCurrencyConverterTests/Pods-rnAppCurrencyConverter-rnAppCurrencyConverterTests.release.xcconfig"; sourceTree = "<group>"; };
		06021846BB7A4288B56E75DC /* BeVietnamPro-ExtraLight.ttf */ = {isa = PBXFileReference; explicitFileType = undefined; fileEncoding = 9; includeInIndex = 0; lastKnownFileType = unknown; name = "BeVietnamPro-ExtraLight.ttf"; path = "../src/assets/fonts/BeVietnamPro/BeVietnamPro-ExtraLight.ttf"; sourceTree = "<group>"; };
		085CFCBA4D914DF4A16AB3E5 /* BeVietnamPro-SemiBold.ttf */ = {isa = PBXFileReference; explicitFileType = undefined; fileEncoding = 9; includeInIndex = 0; lastKnownFileType = unknown; name = "BeVietnamPro-SemiBold.ttf"; path = "../src/assets/fonts/BeVietnamPro/BeVietnamPro-SemiBold.ttf"; sourceTree = "<group>"; };
		091BD3C639424E1986BA66B3 /* Feather.ttf */ = {isa = PBXFileReference; explicitFileType = undefined; fileEncoding = 9; includeInIndex = 0; lastKnownFileType = unknown; name = Feather.ttf; path = "../node_modules/react-native-vector-icons/Fonts/Feather.ttf"; sourceTree = "<group>"; };
		0DA6238BACB6D207B3032707 /* libPods-rnAppCurrencyConverter-rnAppCurrencyConverterTests.a */ = {isa = PBXFileReference; explicitFileType = archive.ar; includeInIndex = 0; path = "libPods-rnAppCurrencyConverter-rnAppCurrencyConverterTests.a"; sourceTree = BUILT_PRODUCTS_DIR; };
		0EE7BC09A96048779B0A466B /* BeVietnamPro-ExtraLightItalic.ttf */ = {isa = PBXFileReference; explicitFileType = undefined; fileEncoding = 9; includeInIndex = 0; lastKnownFileType = unknown; name = "BeVietnamPro-ExtraLightItalic.ttf"; path = "../src/assets/fonts/BeVietnamPro/BeVietnamPro-ExtraLightItalic.ttf"; sourceTree = "<group>"; };
		13B07F961A680F5B00A75B9A /* rnAppCurrencyConverter.app */ = {isa = PBXFileReference; explicitFileType = wrapper.application; includeInIndex = 0; path = rnAppCurrencyConverter.app; sourceTree = BUILT_PRODUCTS_DIR; };
		13B07FAF1A68108700A75B9A /* AppDelegate.h */ = {isa = PBXFileReference; fileEncoding = 4; lastKnownFileType = sourcecode.c.h; name = AppDelegate.h; path = rnAppCurrencyConverter/AppDelegate.h; sourceTree = "<group>"; };
		13B07FB01A68108700A75B9A /* AppDelegate.m */ = {isa = PBXFileReference; fileEncoding = 4; lastKnownFileType = sourcecode.c.objc; name = AppDelegate.m; path = rnAppCurrencyConverter/AppDelegate.m; sourceTree = "<group>"; };
		13B07FB51A68108700A75B9A /* Images.xcassets */ = {isa = PBXFileReference; lastKnownFileType = folder.assetcatalog; name = Images.xcassets; path = rnAppCurrencyConverter/Images.xcassets; sourceTree = "<group>"; };
		13B07FB61A68108700A75B9A /* Info.plist */ = {isa = PBXFileReference; fileEncoding = 4; lastKnownFileType = text.plist.xml; name = Info.plist; path = rnAppCurrencyConverter/Info.plist; sourceTree = "<group>"; };
		13B07FB71A68108700A75B9A /* main.m */ = {isa = PBXFileReference; fileEncoding = 4; lastKnownFileType = sourcecode.c.objc; name = main.m; path = rnAppCurrencyConverter/main.m; sourceTree = "<group>"; };
		1971033D8BA74410943013EC /* AntDesign.ttf */ = {isa = PBXFileReference; explicitFileType = undefined; fileEncoding = 9; includeInIndex = 0; lastKnownFileType = unknown; name = AntDesign.ttf; path = "../node_modules/react-native-vector-icons/Fonts/AntDesign.ttf"; sourceTree = "<group>"; };
		19BBB331B41048B7897DDB7F /* BeVietnamPro-Medium.ttf */ = {isa = PBXFileReference; explicitFileType = undefined; fileEncoding = 9; includeInIndex = 0; lastKnownFileType = unknown; name = "BeVietnamPro-Medium.ttf"; path = "../src/assets/fonts/BeVietnamPro/BeVietnamPro-Medium.ttf"; sourceTree = "<group>"; };
		287E94219BE04961A70E263F /* FontAwesome5_Regular.ttf */ = {isa = PBXFileReference; explicitFileType = undefined; fileEncoding = 9; includeInIndex = 0; lastKnownFileType = unknown; name = FontAwesome5_Regular.ttf; path = "../node_modules/react-native-vector-icons/Fonts/FontAwesome5_Regular.ttf"; sourceTree = "<group>"; };
		317974D4C542471A82B7DF5A /* BeVietnamPro-Bold.ttf */ = {isa = PBXFileReference; explicitFileType = undefined; fileEncoding = 9; includeInIndex = 0; lastKnownFileType = unknown; name = "BeVietnamPro-Bold.ttf"; path = "../src/assets/fonts/BeVietnamPro/BeVietnamPro-Bold.ttf"; sourceTree = "<group>"; };
		361C51881F832E43530E285A /* libPods-rnAppCurrencyConverter.a */ = {isa = PBXFileReference; explicitFileType = archive.ar; includeInIndex = 0; path = "libPods-rnAppCurrencyConverter.a"; sourceTree = BUILT_PRODUCTS_DIR; };
		39DAAC4E8B4B40A69C6126D1 /* FontAwesome5_Solid.ttf */ = {isa = PBXFileReference; explicitFileType = undefined; fileEncoding = 9; includeInIndex = 0; lastKnownFileType = unknown; name = FontAwesome5_Solid.ttf; path = "../node_modules/react-native-vector-icons/Fonts/FontAwesome5_Solid.ttf"; sourceTree = "<group>"; };
		518FB9CB74A8DD8AC3A74618 /* Pods-rnAppCurrencyConverter.debug.xcconfig */ = {isa = PBXFileReference; includeInIndex = 1; lastKnownFileType = text.xcconfig; name = "Pods-rnAppCurrencyConverter.debug.xcconfig"; path = "Target Support Files/Pods-rnAppCurrencyConverter/Pods-rnAppCurrencyConverter.debug.xcconfig"; sourceTree = "<group>"; };
		58F7324FFF1D4FC0A92AF236 /* BeVietnamPro-Light.ttf */ = {isa = PBXFileReference; explicitFileType = undefined; fileEncoding = 9; includeInIndex = 0; lastKnownFileType = unknown; name = "BeVietnamPro-Light.ttf"; path = "../src/assets/fonts/BeVietnamPro/BeVietnamPro-Light.ttf"; sourceTree = "<group>"; };
		590CF88B8FC74808A42D44D6 /* BeVietnamPro-ExtraBold.ttf */ = {isa = PBXFileReference; explicitFileType = undefined; fileEncoding = 9; includeInIndex = 0; lastKnownFileType = unknown; name = "BeVietnamPro-ExtraBold.ttf"; path = "../src/assets/fonts/BeVietnamPro/BeVietnamPro-ExtraBold.ttf"; sourceTree = "<group>"; };
		5A529F5FA09C46178DA29663 /* Ionicons.ttf */ = {isa = PBXFileReference; explicitFileType = undefined; fileEncoding = 9; includeInIndex = 0; lastKnownFileType = unknown; name = Ionicons.ttf; path = "../node_modules/react-native-vector-icons/Fonts/Ionicons.ttf"; sourceTree = "<group>"; };
		5E60876348D50C9EFE4CD3A1 /* Pods-rnAppCurrencyConverter.release.xcconfig */ = {isa = PBXFileReference; includeInIndex = 1; lastKnownFileType = text.xcconfig; name = "Pods-rnAppCurrencyConverter.release.xcconfig"; path = "Target Support Files/Pods-rnAppCurrencyConverter/Pods-rnAppCurrencyConverter.release.xcconfig"; sourceTree = "<group>"; };
		6ADF1223F602424CB36DB956 /* SimpleLineIcons.ttf */ = {isa = PBXFileReference; explicitFileType = undefined; fileEncoding = 9; includeInIndex = 0; lastKnownFileType = unknown; name = SimpleLineIcons.ttf; path = "../node_modules/react-native-vector-icons/Fonts/SimpleLineIcons.ttf"; sourceTree = "<group>"; };
		6CD4DB47C65243DE98544728 /* Zocial.ttf */ = {isa = PBXFileReference; explicitFileType = undefined; fileEncoding = 9; includeInIndex = 0; lastKnownFileType = unknown; name = Zocial.ttf; path = "../node_modules/react-native-vector-icons/Fonts/Zocial.ttf"; sourceTree = "<group>"; };
		79A84F15226C417DB25DBAE8 /* Foundation.ttf */ = {isa = PBXFileReference; explicitFileType = undefined; fileEncoding = 9; includeInIndex = 0; lastKnownFileType = unknown; name = Foundation.ttf; path = "../node_modules/react-native-vector-icons/Fonts/Foundation.ttf"; sourceTree = "<group>"; };
		81AB9BB72411601600AC10FF /* LaunchScreen.storyboard */ = {isa = PBXFileReference; fileEncoding = 4; lastKnownFileType = file.storyboard; name = LaunchScreen.storyboard; path = rnAppCurrencyConverter/LaunchScreen.storyboard; sourceTree = "<group>"; };
		821146331DA64F758610B0C6 /* BeVietnamPro-ExtraBoldItalic.ttf */ = {isa = PBXFileReference; explicitFileType = undefined; fileEncoding = 9; includeInIndex = 0; lastKnownFileType = unknown; name = "BeVietnamPro-ExtraBoldItalic.ttf"; path = "../src/assets/fonts/BeVietnamPro/BeVietnamPro-ExtraBoldItalic.ttf"; sourceTree = "<group>"; };
		831465D8DE2B4772881846ED /* MaterialCommunityIcons.ttf */ = {isa = PBXFileReference; explicitFileType = undefined; fileEncoding = 9; includeInIndex = 0; lastKnownFileType = unknown; name = MaterialCommunityIcons.ttf; path = "../node_modules/react-native-vector-icons/Fonts/MaterialCommunityIcons.ttf"; sourceTree = "<group>"; };
		869AD2E8B93B4CE59B534075 /* BeVietnamPro-BlackItalic.ttf */ = {isa = PBXFileReference; explicitFileType = undefined; fileEncoding = 9; includeInIndex = 0; lastKnownFileType = unknown; name = "BeVietnamPro-BlackItalic.ttf"; path = "../src/assets/fonts/BeVietnamPro/BeVietnamPro-BlackItalic.ttf"; sourceTree = "<group>"; };
		8D6A1F08AE97466094813BD1 /* MaterialIcons.ttf */ = {isa = PBXFileReference; explicitFileType = undefined; fileEncoding = 9; includeInIndex = 0; lastKnownFileType = unknown; name = MaterialIcons.ttf; path = "../node_modules/react-native-vector-icons/Fonts/MaterialIcons.ttf"; sourceTree = "<group>"; };
		9A23FEB302AE394DFB444B79 /* Pods-rnAppCurrencyConverter-rnAppCurrencyConverterTests.debug.xcconfig */ = {isa = PBXFileReference; includeInIndex = 1; lastKnownFileType = text.xcconfig; name = "Pods-rnAppCurrencyConverter-rnAppCurrencyConverterTests.debug.xcconfig"; path = "Target Support Files/Pods-rnAppCurrencyConverter-rnAppCurrencyConverterTests/Pods-rnAppCurrencyConverter-rnAppCurrencyConverterTests.debug.xcconfig"; sourceTree = "<group>"; };
		9E69C83A121E462D9B457D8C /* BeVietnamPro-ThinItalic.ttf */ = {isa = PBXFileReference; explicitFileType = undefined; fileEncoding = 9; includeInIndex = 0; lastKnownFileType = unknown; name = "BeVietnamPro-ThinItalic.ttf"; path = "../src/assets/fonts/BeVietnamPro/BeVietnamPro-ThinItalic.ttf"; sourceTree = "<group>"; };
		A58C68737ECF4496BB737017 /* BeVietnamPro-LightItalic.ttf */ = {isa = PBXFileReference; explicitFileType = undefined; fileEncoding = 9; includeInIndex = 0; lastKnownFileType = unknown; name = "BeVietnamPro-LightItalic.ttf"; path = "../src/assets/fonts/BeVietnamPro/BeVietnamPro-LightItalic.ttf"; sourceTree = "<group>"; };
		A79631F0F14843A09DBCB7A6 /* BeVietnamPro-Black.ttf */ = {isa = PBXFileReference; explicitFileType = undefined; fileEncoding = 9; includeInIndex = 0; lastKnownFileType = unknown; name = "BeVietnamPro-Black.ttf"; path = "../src/assets/fonts/BeVietnamPro/BeVietnamPro-Black.ttf"; sourceTree = "<group>"; };
		BE86AE7E5867449CA04BEBE9 /* Entypo.ttf */ = {isa = PBXFileReference; explicitFileType = undefined; fileEncoding = 9; includeInIndex = 0; lastKnownFileType = unknown; name = Entypo.ttf; path = "../node_modules/react-native-vector-icons/Fonts/Entypo.ttf"; sourceTree = "<group>"; };
		C070EA809C6F42DC86B62FB6 /* BeVietnamPro-Regular.ttf */ = {isa = PBXFileReference; explicitFileType = undefined; fileEncoding = 9; includeInIndex = 0; lastKnownFileType = unknown; name = "BeVietnamPro-Regular.ttf"; path = "../src/assets/fonts/BeVietnamPro/BeVietnamPro-Regular.ttf"; sourceTree = "<group>"; };
		C097B55F092B4D7BB6066A2B /* FontAwesome.ttf */ = {isa = PBXFileReference; explicitFileType = undefined; fileEncoding = 9; includeInIndex = 0; lastKnownFileType = unknown; name = FontAwesome.ttf; path = "../node_modules/react-native-vector-icons/Fonts/FontAwesome.ttf"; sourceTree = "<group>"; };
		C1DDDDF24EC944F7AD311C87 /* EvilIcons.ttf */ = {isa = PBXFileReference; explicitFileType = undefined; fileEncoding = 9; includeInIndex = 0; lastKnownFileType = unknown; name = EvilIcons.ttf; path = "../node_modules/react-native-vector-icons/Fonts/EvilIcons.ttf"; sourceTree = "<group>"; };
		CA08C0787AC24C3E8A6330F1 /* BeVietnamPro-BoldItalic.ttf */ = {isa = PBXFileReference; explicitFileType = undefined; fileEncoding = 9; includeInIndex = 0; lastKnownFileType = unknown; name = "BeVietnamPro-BoldItalic.ttf"; path = "../src/assets/fonts/BeVietnamPro/BeVietnamPro-BoldItalic.ttf"; sourceTree = "<group>"; };
		DA93352C68FD412BA20CE5E0 /* Octicons.ttf */ = {isa = PBXFileReference; explicitFileType = undefined; fileEncoding = 9; includeInIndex = 0; lastKnownFileType = unknown; name = Octicons.ttf; path = "../node_modules/react-native-vector-icons/Fonts/Octicons.ttf"; sourceTree = "<group>"; };
		DE6E9BEADD9643D582FE6030 /* BeVietnamPro-SemiBoldItalic.ttf */ = {isa = PBXFileReference; explicitFileType = undefined; fileEncoding = 9; includeInIndex = 0; lastKnownFileType = unknown; name = "BeVietnamPro-SemiBoldItalic.ttf"; path = "../src/assets/fonts/BeVietnamPro/BeVietnamPro-SemiBoldItalic.ttf"; sourceTree = "<group>"; };
		E195E0A357DA44AFA6A8300E /* BeVietnamPro-Thin.ttf */ = {isa = PBXFileReference; explicitFileType = undefined; fileEncoding = 9; includeInIndex = 0; lastKnownFileType = unknown; name = "BeVietnamPro-Thin.ttf"; path = "../src/assets/fonts/BeVietnamPro/BeVietnamPro-Thin.ttf"; sourceTree = "<group>"; };
		ED297162215061F000B7C4FE /* JavaScriptCore.framework */ = {isa = PBXFileReference; lastKnownFileType = wrapper.framework; name = JavaScriptCore.framework; path = System/Library/Frameworks/JavaScriptCore.framework; sourceTree = SDKROOT; };
		FB5D6C8B42734BD3AD9C4FAF /* Fontisto.ttf */ = {isa = PBXFileReference; explicitFileType = undefined; fileEncoding = 9; includeInIndex = 0; lastKnownFileType = unknown; name = Fontisto.ttf; path = "../node_modules/react-native-vector-icons/Fonts/Fontisto.ttf"; sourceTree = "<group>"; };
		FDFCA23ED7034BFEB20FE654 /* FontAwesome5_Brands.ttf */ = {isa = PBXFileReference; explicitFileType = undefined; fileEncoding = 9; includeInIndex = 0; lastKnownFileType = unknown; name = FontAwesome5_Brands.ttf; path = "../node_modules/react-native-vector-icons/Fonts/FontAwesome5_Brands.ttf"; sourceTree = "<group>"; };
		FFE8B9D9474149539538E0F0 /* BeVietnamPro-Italic.ttf */ = {isa = PBXFileReference; explicitFileType = undefined; fileEncoding = 9; includeInIndex = 0; lastKnownFileType = unknown; name = "BeVietnamPro-Italic.ttf"; path = "../src/assets/fonts/BeVietnamPro/BeVietnamPro-Italic.ttf"; sourceTree = "<group>"; };
/* End PBXFileReference section */

/* Begin PBXFrameworksBuildPhase section */
		00E356EB1AD99517003FC87E /* Frameworks */ = {
			isa = PBXFrameworksBuildPhase;
			buildActionMask = 2147483647;
			files = (
				C0DCCB1DA057689F081FA08E /* libPods-rnAppCurrencyConverter-rnAppCurrencyConverterTests.a in Frameworks */,
			);
			runOnlyForDeploymentPostprocessing = 0;
		};
		13B07F8C1A680F5B00A75B9A /* Frameworks */ = {
			isa = PBXFrameworksBuildPhase;
			buildActionMask = 2147483647;
			files = (
				1AF0E4B61B63486BA37A3B77 /* libPods-rnAppCurrencyConverter.a in Frameworks */,
			);
			runOnlyForDeploymentPostprocessing = 0;
		};
/* End PBXFrameworksBuildPhase section */

/* Begin PBXGroup section */
		00E356EF1AD99517003FC87E /* rnAppCurrencyConverterTests */ = {
			isa = PBXGroup;
			children = (
				00E356F21AD99517003FC87E /* rnAppCurrencyConverterTests.m */,
				00E356F01AD99517003FC87E /* Supporting Files */,
			);
			path = rnAppCurrencyConverterTests;
			sourceTree = "<group>";
		};
		00E356F01AD99517003FC87E /* Supporting Files */ = {
			isa = PBXGroup;
			children = (
				00E356F11AD99517003FC87E /* Info.plist */,
			);
			name = "Supporting Files";
			sourceTree = "<group>";
		};
		10F54247EA77D30314F47111 /* Pods */ = {
			isa = PBXGroup;
			children = (
				518FB9CB74A8DD8AC3A74618 /* Pods-rnAppCurrencyConverter.debug.xcconfig */,
				5E60876348D50C9EFE4CD3A1 /* Pods-rnAppCurrencyConverter.release.xcconfig */,
				9A23FEB302AE394DFB444B79 /* Pods-rnAppCurrencyConverter-rnAppCurrencyConverterTests.debug.xcconfig */,
				0522398F85D6C83E349A6123 /* Pods-rnAppCurrencyConverter-rnAppCurrencyConverterTests.release.xcconfig */,
			);
			path = Pods;
			sourceTree = "<group>";
		};
		13B07FAE1A68108700A75B9A /* rnAppCurrencyConverter */ = {
			isa = PBXGroup;
			children = (
				13B07FAF1A68108700A75B9A /* AppDelegate.h */,
				13B07FB01A68108700A75B9A /* AppDelegate.m */,
				13B07FB51A68108700A75B9A /* Images.xcassets */,
				13B07FB61A68108700A75B9A /* Info.plist */,
				81AB9BB72411601600AC10FF /* LaunchScreen.storyboard */,
				13B07FB71A68108700A75B9A /* main.m */,
			);
			name = rnAppCurrencyConverter;
			sourceTree = "<group>";
		};
		2D16E6871FA4F8E400B85C8A /* Frameworks */ = {
			isa = PBXGroup;
			children = (
				ED297162215061F000B7C4FE /* JavaScriptCore.framework */,
				361C51881F832E43530E285A /* libPods-rnAppCurrencyConverter.a */,
				0DA6238BACB6D207B3032707 /* libPods-rnAppCurrencyConverter-rnAppCurrencyConverterTests.a */,
			);
			name = Frameworks;
			sourceTree = "<group>";
		};
		832341AE1AAA6A7D00B99B32 /* Libraries */ = {
			isa = PBXGroup;
			children = (
			);
			name = Libraries;
			sourceTree = "<group>";
		};
		83CBB9F61A601CBA00E9B192 = {
			isa = PBXGroup;
			children = (
				13B07FAE1A68108700A75B9A /* rnAppCurrencyConverter */,
				832341AE1AAA6A7D00B99B32 /* Libraries */,
				00E356EF1AD99517003FC87E /* rnAppCurrencyConverterTests */,
				83CBBA001A601CBA00E9B192 /* Products */,
				2D16E6871FA4F8E400B85C8A /* Frameworks */,
				10F54247EA77D30314F47111 /* Pods */,
				9539B0DACE404EAFADF3B50B /* Resources */,
			);
			indentWidth = 2;
			sourceTree = "<group>";
			tabWidth = 2;
			usesTabs = 0;
		};
		83CBBA001A601CBA00E9B192 /* Products */ = {
			isa = PBXGroup;
			children = (
				13B07F961A680F5B00A75B9A /* rnAppCurrencyConverter.app */,
				00E356EE1AD99517003FC87E /* rnAppCurrencyConverterTests.xctest */,
			);
			name = Products;
			sourceTree = "<group>";
		};
		9539B0DACE404EAFADF3B50B /* Resources */ = {
			isa = PBXGroup;
			children = (
				1971033D8BA74410943013EC /* AntDesign.ttf */,
				BE86AE7E5867449CA04BEBE9 /* Entypo.ttf */,
				C1DDDDF24EC944F7AD311C87 /* EvilIcons.ttf */,
				091BD3C639424E1986BA66B3 /* Feather.ttf */,
				C097B55F092B4D7BB6066A2B /* FontAwesome.ttf */,
				FDFCA23ED7034BFEB20FE654 /* FontAwesome5_Brands.ttf */,
				287E94219BE04961A70E263F /* FontAwesome5_Regular.ttf */,
				39DAAC4E8B4B40A69C6126D1 /* FontAwesome5_Solid.ttf */,
				FB5D6C8B42734BD3AD9C4FAF /* Fontisto.ttf */,
				79A84F15226C417DB25DBAE8 /* Foundation.ttf */,
				5A529F5FA09C46178DA29663 /* Ionicons.ttf */,
				831465D8DE2B4772881846ED /* MaterialCommunityIcons.ttf */,
				8D6A1F08AE97466094813BD1 /* MaterialIcons.ttf */,
				DA93352C68FD412BA20CE5E0 /* Octicons.ttf */,
				6ADF1223F602424CB36DB956 /* SimpleLineIcons.ttf */,
				6CD4DB47C65243DE98544728 /* Zocial.ttf */,
				A79631F0F14843A09DBCB7A6 /* BeVietnamPro-Black.ttf */,
				869AD2E8B93B4CE59B534075 /* BeVietnamPro-BlackItalic.ttf */,
				317974D4C542471A82B7DF5A /* BeVietnamPro-Bold.ttf */,
				CA08C0787AC24C3E8A6330F1 /* BeVietnamPro-BoldItalic.ttf */,
				590CF88B8FC74808A42D44D6 /* BeVietnamPro-ExtraBold.ttf */,
				821146331DA64F758610B0C6 /* BeVietnamPro-ExtraBoldItalic.ttf */,
				06021846BB7A4288B56E75DC /* BeVietnamPro-ExtraLight.ttf */,
				0EE7BC09A96048779B0A466B /* BeVietnamPro-ExtraLightItalic.ttf */,
				FFE8B9D9474149539538E0F0 /* BeVietnamPro-Italic.ttf */,
				58F7324FFF1D4FC0A92AF236 /* BeVietnamPro-Light.ttf */,
				A58C68737ECF4496BB737017 /* BeVietnamPro-LightItalic.ttf */,
				19BBB331B41048B7897DDB7F /* BeVietnamPro-Medium.ttf */,
				00010E83A480401E9719DF0C /* BeVietnamPro-MediumItalic.ttf */,
				C070EA809C6F42DC86B62FB6 /* BeVietnamPro-Regular.ttf */,
				085CFCBA4D914DF4A16AB3E5 /* BeVietnamPro-SemiBold.ttf */,
				DE6E9BEADD9643D582FE6030 /* BeVietnamPro-SemiBoldItalic.ttf */,
				E195E0A357DA44AFA6A8300E /* BeVietnamPro-Thin.ttf */,
				9E69C83A121E462D9B457D8C /* BeVietnamPro-ThinItalic.ttf */,
			);
			name = Resources;
			sourceTree = "<group>";
		};
/* End PBXGroup section */

/* Begin PBXNativeTarget section */
		00E356ED1AD99517003FC87E /* rnAppCurrencyConverterTests */ = {
			isa = PBXNativeTarget;
			buildConfigurationList = 00E357021AD99517003FC87E /* Build configuration list for PBXNativeTarget "rnAppCurrencyConverterTests" */;
			buildPhases = (
				1998CBA52B97D37432AB178F /* [CP] Check Pods Manifest.lock */,
				00E356EA1AD99517003FC87E /* Sources */,
				00E356EB1AD99517003FC87E /* Frameworks */,
				00E356EC1AD99517003FC87E /* Resources */,
				DEAFCEFACC4EBA53E6F11ECF /* [CP] Embed Pods Frameworks */,
				4C44D303AEE577DC0D6DB979 /* [CP] Copy Pods Resources */,
			);
			buildRules = (
			);
			dependencies = (
				00E356F51AD99517003FC87E /* PBXTargetDependency */,
			);
			name = rnAppCurrencyConverterTests;
			productName = rnAppCurrencyConverterTests;
			productReference = 00E356EE1AD99517003FC87E /* rnAppCurrencyConverterTests.xctest */;
			productType = "com.apple.product-type.bundle.unit-test";
		};
		13B07F861A680F5B00A75B9A /* rnAppCurrencyConverter */ = {
			isa = PBXNativeTarget;
			buildConfigurationList = 13B07F931A680F5B00A75B9A /* Build configuration list for PBXNativeTarget "rnAppCurrencyConverter" */;
			buildPhases = (
				87A484623DB88E0BC36AC667 /* [CP] Check Pods Manifest.lock */,
				FD10A7F022414F080027D42C /* Start Packager */,
				13B07F871A680F5B00A75B9A /* Sources */,
				13B07F8C1A680F5B00A75B9A /* Frameworks */,
				13B07F8E1A680F5B00A75B9A /* Resources */,
				00DD1BFF1BD5951E006B06BC /* Bundle React Native code and images */,
				8D062B44624B6DCB70259262 /* [CP] Embed Pods Frameworks */,
				04CF329C9B9E79BA4E5D2AE8 /* [CP] Copy Pods Resources */,
			);
			buildRules = (
			);
			dependencies = (
			);
			name = rnAppCurrencyConverter;
			productName = rnAppCurrencyConverter;
			productReference = 13B07F961A680F5B00A75B9A /* rnAppCurrencyConverter.app */;
			productType = "com.apple.product-type.application";
		};
/* End PBXNativeTarget section */

/* Begin PBXProject section */
		83CBB9F71A601CBA00E9B192 /* Project object */ = {
			isa = PBXProject;
			attributes = {
				LastUpgradeCheck = 1210;
				TargetAttributes = {
					00E356ED1AD99517003FC87E = {
						CreatedOnToolsVersion = 6.2;
						TestTargetID = 13B07F861A680F5B00A75B9A;
					};
					13B07F861A680F5B00A75B9A = {
						LastSwiftMigration = 1120;
					};
				};
			};
			buildConfigurationList = 83CBB9FA1A601CBA00E9B192 /* Build configuration list for PBXProject "rnAppCurrencyConverter" */;
			compatibilityVersion = "Xcode 12.0";
			developmentRegion = en;
			hasScannedForEncodings = 0;
			knownRegions = (
				en,
				Base,
			);
			mainGroup = 83CBB9F61A601CBA00E9B192;
			productRefGroup = 83CBBA001A601CBA00E9B192 /* Products */;
			projectDirPath = "";
			projectRoot = "";
			targets = (
				13B07F861A680F5B00A75B9A /* rnAppCurrencyConverter */,
				00E356ED1AD99517003FC87E /* rnAppCurrencyConverterTests */,
			);
		};
/* End PBXProject section */

/* Begin PBXResourcesBuildPhase section */
		00E356EC1AD99517003FC87E /* Resources */ = {
			isa = PBXResourcesBuildPhase;
			buildActionMask = 2147483647;
			files = (
			);
			runOnlyForDeploymentPostprocessing = 0;
		};
		13B07F8E1A680F5B00A75B9A /* Resources */ = {
			isa = PBXResourcesBuildPhase;
			buildActionMask = 2147483647;
			files = (
				81AB9BB82411601600AC10FF /* LaunchScreen.storyboard in Resources */,
				13B07FBF1A68108700A75B9A /* Images.xcassets in Resources */,
				37D19D87C13C43A78CBC9C72 /* BeVietnamPro-Black.ttf in Resources */,
				C9ABBCD277234C7FBEBFD91B /* BeVietnamPro-BlackItalic.ttf in Resources */,
				4AFF862A8349486CBB3B262A /* BeVietnamPro-Bold.ttf in Resources */,
				75C0DC70FD8142A394042A02 /* BeVietnamPro-BoldItalic.ttf in Resources */,
				84EE1C6498684530B01D4543 /* BeVietnamPro-ExtraBold.ttf in Resources */,
				787255C6A2F241A6A4CFCE4F /* BeVietnamPro-ExtraBoldItalic.ttf in Resources */,
				B6A5FB4D0E9C4F8399A17F8C /* BeVietnamPro-ExtraLight.ttf in Resources */,
				F1A6E63FB5E9484D8D48EB99 /* BeVietnamPro-ExtraLightItalic.ttf in Resources */,
				1051B548F68344558660EB12 /* BeVietnamPro-Italic.ttf in Resources */,
				9DD83700461E472DB03662A1 /* BeVietnamPro-Light.ttf in Resources */,
				F0C0C324B1BA42BAB39A4BE3 /* BeVietnamPro-LightItalic.ttf in Resources */,
				079DD4D6E08C46C387685A96 /* BeVietnamPro-Medium.ttf in Resources */,
				BC9A4E8D7B9D4EE28949F16F /* BeVietnamPro-MediumItalic.ttf in Resources */,
				4552E14A6680443CBBB7C5BE /* BeVietnamPro-Regular.ttf in Resources */,
				22839CBD06504E6B8F3B6A8B /* BeVietnamPro-SemiBold.ttf in Resources */,
				04DB5E82D42D4438A3CDDBD4 /* BeVietnamPro-SemiBoldItalic.ttf in Resources */,
				9F0C3F8899DA4DA096C874B1 /* BeVietnamPro-Thin.ttf in Resources */,
				9FE9B0DFF9CB4C21AC4CF9B8 /* BeVietnamPro-ThinItalic.ttf in Resources */,
			);
			runOnlyForDeploymentPostprocessing = 0;
		};
/* End PBXResourcesBuildPhase section */

/* Begin PBXShellScriptBuildPhase section */
		00DD1BFF1BD5951E006B06BC /* Bundle React Native code and images */ = {
			isa = PBXShellScriptBuildPhase;
			buildActionMask = 2147483647;
			files = (
			);
			inputPaths = (
			);
			name = "Bundle React Native code and images";
			outputPaths = (
			);
			runOnlyForDeploymentPostprocessing = 0;
			shellPath = /bin/sh;
			shellScript = "set -e\n\nexport NODE_BINARY=node\n../node_modules/react-native/scripts/react-native-xcode.sh\n";
		};
		04CF329C9B9E79BA4E5D2AE8 /* [CP] Copy Pods Resources */ = {
			isa = PBXShellScriptBuildPhase;
			buildActionMask = 2147483647;
			files = (
			);
			inputFileListPaths = (
				"${PODS_ROOT}/Target Support Files/Pods-rnAppCurrencyConverter/Pods-rnAppCurrencyConverter-resources-${CONFIGURATION}-input-files.xcfilelist",
			);
			name = "[CP] Copy Pods Resources";
			outputFileListPaths = (
				"${PODS_ROOT}/Target Support Files/Pods-rnAppCurrencyConverter/Pods-rnAppCurrencyConverter-resources-${CONFIGURATION}-output-files.xcfilelist",
			);
			runOnlyForDeploymentPostprocessing = 0;
			shellPath = /bin/sh;
			shellScript = "\"${PODS_ROOT}/Target Support Files/Pods-rnAppCurrencyConverter/Pods-rnAppCurrencyConverter-resources.sh\"\n";
			showEnvVarsInLog = 0;
		};
		1998CBA52B97D37432AB178F /* [CP] Check Pods Manifest.lock */ = {
			isa = PBXShellScriptBuildPhase;
			buildActionMask = 2147483647;
			files = (
			);
			inputFileListPaths = (
			);
			inputPaths = (
				"${PODS_PODFILE_DIR_PATH}/Podfile.lock",
				"${PODS_ROOT}/Manifest.lock",
			);
			name = "[CP] Check Pods Manifest.lock";
			outputFileListPaths = (
			);
			outputPaths = (
				"$(DERIVED_FILE_DIR)/Pods-rnAppCurrencyConverter-rnAppCurrencyConverterTests-checkManifestLockResult.txt",
			);
			runOnlyForDeploymentPostprocessing = 0;
			shellPath = /bin/sh;
			shellScript = "diff \"${PODS_PODFILE_DIR_PATH}/Podfile.lock\" \"${PODS_ROOT}/Manifest.lock\" > /dev/null\nif [ $? != 0 ] ; then\n    # print error to STDERR\n    echo \"error: The sandbox is not in sync with the Podfile.lock. Run 'pod install' or update your CocoaPods installation.\" >&2\n    exit 1\nfi\n# This output is used by Xcode 'outputs' to avoid re-running this script phase.\necho \"SUCCESS\" > \"${SCRIPT_OUTPUT_FILE_0}\"\n";
			showEnvVarsInLog = 0;
		};
		4C44D303AEE577DC0D6DB979 /* [CP] Copy Pods Resources */ = {
			isa = PBXShellScriptBuildPhase;
			buildActionMask = 2147483647;
			files = (
			);
			inputFileListPaths = (
				"${PODS_ROOT}/Target Support Files/Pods-rnAppCurrencyConverter-rnAppCurrencyConverterTests/Pods-rnAppCurrencyConverter-rnAppCurrencyConverterTests-resources-${CONFIGURATION}-input-files.xcfilelist",
			);
			name = "[CP] Copy Pods Resources";
			outputFileListPaths = (
				"${PODS_ROOT}/Target Support Files/Pods-rnAppCurrencyConverter-rnAppCurrencyConverterTests/Pods-rnAppCurrencyConverter-rnAppCurrencyConverterTests-resources-${CONFIGURATION}-output-files.xcfilelist",
			);
			runOnlyForDeploymentPostprocessing = 0;
			shellPath = /bin/sh;
			shellScript = "\"${PODS_ROOT}/Target Support Files/Pods-rnAppCurrencyConverter-rnAppCurrencyConverterTests/Pods-rnAppCurrencyConverter-rnAppCurrencyConverterTests-resources.sh\"\n";
			showEnvVarsInLog = 0;
		};
		87A484623DB88E0BC36AC667 /* [CP] Check Pods Manifest.lock */ = {
			isa = PBXShellScriptBuildPhase;
			buildActionMask = 2147483647;
			files = (
			);
			inputFileListPaths = (
			);
			inputPaths = (
				"${PODS_PODFILE_DIR_PATH}/Podfile.lock",
				"${PODS_ROOT}/Manifest.lock",
			);
			name = "[CP] Check Pods Manifest.lock";
			outputFileListPaths = (
			);
			outputPaths = (
				"$(DERIVED_FILE_DIR)/Pods-rnAppCurrencyConverter-checkManifestLockResult.txt",
			);
			runOnlyForDeploymentPostprocessing = 0;
			shellPath = /bin/sh;
			shellScript = "diff \"${PODS_PODFILE_DIR_PATH}/Podfile.lock\" \"${PODS_ROOT}/Manifest.lock\" > /dev/null\nif [ $? != 0 ] ; then\n    # print error to STDERR\n    echo \"error: The sandbox is not in sync with the Podfile.lock. Run 'pod install' or update your CocoaPods installation.\" >&2\n    exit 1\nfi\n# This output is used by Xcode 'outputs' to avoid re-running this script phase.\necho \"SUCCESS\" > \"${SCRIPT_OUTPUT_FILE_0}\"\n";
			showEnvVarsInLog = 0;
		};
		8D062B44624B6DCB70259262 /* [CP] Embed Pods Frameworks */ = {
			isa = PBXShellScriptBuildPhase;
			buildActionMask = 2147483647;
			files = (
			);
			inputFileListPaths = (
				"${PODS_ROOT}/Target Support Files/Pods-rnAppCurrencyConverter/Pods-rnAppCurrencyConverter-frameworks-${CONFIGURATION}-input-files.xcfilelist",
			);
			name = "[CP] Embed Pods Frameworks";
			outputFileListPaths = (
				"${PODS_ROOT}/Target Support Files/Pods-rnAppCurrencyConverter/Pods-rnAppCurrencyConverter-frameworks-${CONFIGURATION}-output-files.xcfilelist",
			);
			runOnlyForDeploymentPostprocessing = 0;
			shellPath = /bin/sh;
			shellScript = "\"${PODS_ROOT}/Target Support Files/Pods-rnAppCurrencyConverter/Pods-rnAppCurrencyConverter-frameworks.sh\"\n";
			showEnvVarsInLog = 0;
		};
		DEAFCEFACC4EBA53E6F11ECF /* [CP] Embed Pods Frameworks */ = {
			isa = PBXShellScriptBuildPhase;
			buildActionMask = 2147483647;
			files = (
			);
			inputFileListPaths = (
				"${PODS_ROOT}/Target Support Files/Pods-rnAppCurrencyConverter-rnAppCurrencyConverterTests/Pods-rnAppCurrencyConverter-rnAppCurrencyConverterTests-frameworks-${CONFIGURATION}-input-files.xcfilelist",
			);
			name = "[CP] Embed Pods Frameworks";
			outputFileListPaths = (
				"${PODS_ROOT}/Target Support Files/Pods-rnAppCurrencyConverter-rnAppCurrencyConverterTests/Pods-rnAppCurrencyConverter-rnAppCurrencyConverterTests-frameworks-${CONFIGURATION}-output-files.xcfilelist",
			);
			runOnlyForDeploymentPostprocessing = 0;
			shellPath = /bin/sh;
			shellScript = "\"${PODS_ROOT}/Target Support Files/Pods-rnAppCurrencyConverter-rnAppCurrencyConverterTests/Pods-rnAppCurrencyConverter-rnAppCurrencyConverterTests-frameworks.sh\"\n";
			showEnvVarsInLog = 0;
		};
		FD10A7F022414F080027D42C /* Start Packager */ = {
			isa = PBXShellScriptBuildPhase;
			buildActionMask = 2147483647;
			files = (
			);
			inputFileListPaths = (
			);
			inputPaths = (
			);
			name = "Start Packager";
			outputFileListPaths = (
			);
			outputPaths = (
			);
			runOnlyForDeploymentPostprocessing = 0;
			shellPath = /bin/sh;
			shellScript = "export RCT_METRO_PORT=\"${RCT_METRO_PORT:=8081}\"\necho \"export RCT_METRO_PORT=${RCT_METRO_PORT}\" > \"${SRCROOT}/../node_modules/react-native/scripts/.packager.env\"\nif [ -z \"${RCT_NO_LAUNCH_PACKAGER+xxx}\" ] ; then\n  if nc -w 5 -z localhost ${RCT_METRO_PORT} ; then\n    if ! curl -s \"http://localhost:${RCT_METRO_PORT}/status\" | grep -q \"packager-status:running\" ; then\n      echo \"Port ${RCT_METRO_PORT} already in use, packager is either not running or not running correctly\"\n      exit 2\n    fi\n  else\n    open \"$SRCROOT/../node_modules/react-native/scripts/launchPackager.command\" || echo \"Can't start packager automatically\"\n  fi\nfi\n";
			showEnvVarsInLog = 0;
		};
/* End PBXShellScriptBuildPhase section */

/* Begin PBXSourcesBuildPhase section */
		00E356EA1AD99517003FC87E /* Sources */ = {
			isa = PBXSourcesBuildPhase;
			buildActionMask = 2147483647;
			files = (
				00E356F31AD99517003FC87E /* rnAppCurrencyConverterTests.m in Sources */,
			);
			runOnlyForDeploymentPostprocessing = 0;
		};
		13B07F871A680F5B00A75B9A /* Sources */ = {
			isa = PBXSourcesBuildPhase;
			buildActionMask = 2147483647;
			files = (
				13B07FBC1A68108700A75B9A /* AppDelegate.m in Sources */,
				13B07FC11A68108700A75B9A /* main.m in Sources */,
			);
			runOnlyForDeploymentPostprocessing = 0;
		};
/* End PBXSourcesBuildPhase section */

/* Begin PBXTargetDependency section */
		00E356F51AD99517003FC87E /* PBXTargetDependency */ = {
			isa = PBXTargetDependency;
			target = 13B07F861A680F5B00A75B9A /* rnAppCurrencyConverter */;
			targetProxy = 00E356F41AD99517003FC87E /* PBXContainerItemProxy */;
		};
/* End PBXTargetDependency section */

/* Begin XCBuildConfiguration section */
		00E356F61AD99517003FC87E /* Debug */ = {
			isa = XCBuildConfiguration;
			baseConfigurationReference = 9A23FEB302AE394DFB444B79 /* Pods-rnAppCurrencyConverter-rnAppCurrencyConverterTests.debug.xcconfig */;
			buildSettings = {
				BUNDLE_LOADER = "$(TEST_HOST)";
				GCC_PREPROCESSOR_DEFINITIONS = (
					"DEBUG=1",
					"$(inherited)",
				);
				INFOPLIST_FILE = rnAppCurrencyConverterTests/Info.plist;
				IPHONEOS_DEPLOYMENT_TARGET = 11.0;
				LD_RUNPATH_SEARCH_PATHS = (
					"$(inherited)",
					"@executable_path/Frameworks",
					"@loader_path/Frameworks",
				);
				OTHER_LDFLAGS = (
					"-ObjC",
					"-lc++",
					"$(inherited)",
				);
				PRODUCT_BUNDLE_IDENTIFIER = "org.reactjs.native.example.$(PRODUCT_NAME:rfc1034identifier)";
				PRODUCT_NAME = "$(TARGET_NAME)";
				TEST_HOST = "$(BUILT_PRODUCTS_DIR)/rnAppCurrencyConverter.app/rnAppCurrencyConverter";
			};
			name = Debug;
		};
		00E356F71AD99517003FC87E /* Release */ = {
			isa = XCBuildConfiguration;
			baseConfigurationReference = 0522398F85D6C83E349A6123 /* Pods-rnAppCurrencyConverter-rnAppCurrencyConverterTests.release.xcconfig */;
			buildSettings = {
				BUNDLE_LOADER = "$(TEST_HOST)";
				COPY_PHASE_STRIP = NO;
				INFOPLIST_FILE = rnAppCurrencyConverterTests/Info.plist;
				IPHONEOS_DEPLOYMENT_TARGET = 11.0;
				LD_RUNPATH_SEARCH_PATHS = (
					"$(inherited)",
					"@executable_path/Frameworks",
					"@loader_path/Frameworks",
				);
				OTHER_LDFLAGS = (
					"-ObjC",
					"-lc++",
					"$(inherited)",
				);
				PRODUCT_BUNDLE_IDENTIFIER = "org.reactjs.native.example.$(PRODUCT_NAME:rfc1034identifier)";
				PRODUCT_NAME = "$(TARGET_NAME)";
				TEST_HOST = "$(BUILT_PRODUCTS_DIR)/rnAppCurrencyConverter.app/rnAppCurrencyConverter";
			};
			name = Release;
		};
		13B07F941A680F5B00A75B9A /* Debug */ = {
			isa = XCBuildConfiguration;
			baseConfigurationReference = 518FB9CB74A8DD8AC3A74618 /* Pods-rnAppCurrencyConverter.debug.xcconfig */;
			buildSettings = {
				ASSETCATALOG_COMPILER_APPICON_NAME = AppIcon;
				CLANG_ENABLE_MODULES = YES;
				CURRENT_PROJECT_VERSION = 1;
				ENABLE_BITCODE = NO;
				INFOPLIST_FILE = rnAppCurrencyConverter/Info.plist;
				LD_RUNPATH_SEARCH_PATHS = (
					"$(inherited)",
					"@executable_path/Frameworks",
				);
				OTHER_LDFLAGS = (
					"$(inherited)",
					"-ObjC",
					"-lc++",
				);
				PRODUCT_BUNDLE_IDENTIFIER = "org.reactjs.native.example.$(PRODUCT_NAME:rfc1034identifier)";
				PRODUCT_NAME = rnAppCurrencyConverter;
				SWIFT_OPTIMIZATION_LEVEL = "-Onone";
				SWIFT_VERSION = 5.0;
				VERSIONING_SYSTEM = "apple-generic";
			};
			name = Debug;
		};
		13B07F951A680F5B00A75B9A /* Release */ = {
			isa = XCBuildConfiguration;
			baseConfigurationReference = 5E60876348D50C9EFE4CD3A1 /* Pods-rnAppCurrencyConverter.release.xcconfig */;
			buildSettings = {
				ASSETCATALOG_COMPILER_APPICON_NAME = AppIcon;
				CLANG_ENABLE_MODULES = YES;
				CURRENT_PROJECT_VERSION = 1;
				INFOPLIST_FILE = rnAppCurrencyConverter/Info.plist;
				LD_RUNPATH_SEARCH_PATHS = (
					"$(inherited)",
					"@executable_path/Frameworks",
				);
				OTHER_LDFLAGS = (
					"$(inherited)",
					"-ObjC",
					"-lc++",
				);
				PRODUCT_BUNDLE_IDENTIFIER = "org.reactjs.native.example.$(PRODUCT_NAME:rfc1034identifier)";
				PRODUCT_NAME = rnAppCurrencyConverter;
				SWIFT_VERSION = 5.0;
				VERSIONING_SYSTEM = "apple-generic";
			};
			name = Release;
		};
		83CBBA201A601CBA00E9B192 /* Debug */ = {
			isa = XCBuildConfiguration;
			buildSettings = {
				ALWAYS_SEARCH_USER_PATHS = NO;
				CLANG_ANALYZER_LOCALIZABILITY_NONLOCALIZED = YES;
				CLANG_CXX_LANGUAGE_STANDARD = "gnu++0x";
				CLANG_CXX_LIBRARY = "libc++";
				CLANG_ENABLE_MODULES = YES;
				CLANG_ENABLE_OBJC_ARC = YES;
				CLANG_WARN_BLOCK_CAPTURE_AUTORELEASING = YES;
				CLANG_WARN_BOOL_CONVERSION = YES;
				CLANG_WARN_COMMA = YES;
				CLANG_WARN_CONSTANT_CONVERSION = YES;
				CLANG_WARN_DEPRECATED_OBJC_IMPLEMENTATIONS = YES;
				CLANG_WARN_DIRECT_OBJC_ISA_USAGE = YES_ERROR;
				CLANG_WARN_EMPTY_BODY = YES;
				CLANG_WARN_ENUM_CONVERSION = YES;
				CLANG_WARN_INFINITE_RECURSION = YES;
				CLANG_WARN_INT_CONVERSION = YES;
				CLANG_WARN_NON_LITERAL_NULL_CONVERSION = YES;
				CLANG_WARN_OBJC_IMPLICIT_RETAIN_SELF = YES;
				CLANG_WARN_OBJC_LITERAL_CONVERSION = YES;
				CLANG_WARN_OBJC_ROOT_CLASS = YES_ERROR;
				CLANG_WARN_QUOTED_INCLUDE_IN_FRAMEWORK_HEADER = YES;
				CLANG_WARN_RANGE_LOOP_ANALYSIS = YES;
				CLANG_WARN_STRICT_PROTOTYPES = YES;
				CLANG_WARN_SUSPICIOUS_MOVE = YES;
				CLANG_WARN_UNREACHABLE_CODE = YES;
				CLANG_WARN__DUPLICATE_METHOD_MATCH = YES;
				"CODE_SIGN_IDENTITY[sdk=iphoneos*]" = "iPhone Developer";
				COPY_PHASE_STRIP = NO;
				ENABLE_STRICT_OBJC_MSGSEND = YES;
				ENABLE_TESTABILITY = YES;
				"EXCLUDED_ARCHS[sdk=iphonesimulator*]" = "arm64 ";
				GCC_C_LANGUAGE_STANDARD = gnu99;
				GCC_DYNAMIC_NO_PIC = NO;
				GCC_NO_COMMON_BLOCKS = YES;
				GCC_OPTIMIZATION_LEVEL = 0;
				GCC_PREPROCESSOR_DEFINITIONS = (
					"DEBUG=1",
					"$(inherited)",
				);
				GCC_SYMBOLS_PRIVATE_EXTERN = NO;
				GCC_WARN_64_TO_32_BIT_CONVERSION = YES;
				GCC_WARN_ABOUT_RETURN_TYPE = YES_ERROR;
				GCC_WARN_UNDECLARED_SELECTOR = YES;
				GCC_WARN_UNINITIALIZED_AUTOS = YES_AGGRESSIVE;
				GCC_WARN_UNUSED_FUNCTION = YES;
				GCC_WARN_UNUSED_VARIABLE = YES;
				IPHONEOS_DEPLOYMENT_TARGET = 11.0;
				LD_RUNPATH_SEARCH_PATHS = (
					/usr/lib/swift,
					"$(inherited)",
				);
				LIBRARY_SEARCH_PATHS = (
					"\"$(SDKROOT)/usr/lib/swift\"",
					"\"$(TOOLCHAIN_DIR)/usr/lib/swift/$(PLATFORM_NAME)\"",
					"\"$(TOOLCHAIN_DIR)/usr/lib/swift-5.0/$(PLATFORM_NAME)\"",
					"\"$(inherited)\"",
				);
				MTL_ENABLE_DEBUG_INFO = YES;
				ONLY_ACTIVE_ARCH = YES;
				SDKROOT = iphoneos;
			};
			name = Debug;
		};
		83CBBA211A601CBA00E9B192 /* Release */ = {
			isa = XCBuildConfiguration;
			buildSettings = {
				ALWAYS_SEARCH_USER_PATHS = NO;
				CLANG_ANALYZER_LOCALIZABILITY_NONLOCALIZED = YES;
				CLANG_CXX_LANGUAGE_STANDARD = "gnu++0x";
				CLANG_CXX_LIBRARY = "libc++";
				CLANG_ENABLE_MODULES = YES;
				CLANG_ENABLE_OBJC_ARC = YES;
				CLANG_WARN_BLOCK_CAPTURE_AUTORELEASING = YES;
				CLANG_WARN_BOOL_CONVERSION = YES;
				CLANG_WARN_COMMA = YES;
				CLANG_WARN_CONSTANT_CONVERSION = YES;
				CLANG_WARN_DEPRECATED_OBJC_IMPLEMENTATIONS = YES;
				CLANG_WARN_DIRECT_OBJC_ISA_USAGE = YES_ERROR;
				CLANG_WARN_EMPTY_BODY = YES;
				CLANG_WARN_ENUM_CONVERSION = YES;
				CLANG_WARN_INFINITE_RECURSION = YES;
				CLANG_WARN_INT_CONVERSION = YES;
				CLANG_WARN_NON_LITERAL_NULL_CONVERSION = YES;
				CLANG_WARN_OBJC_IMPLICIT_RETAIN_SELF = YES;
				CLANG_WARN_OBJC_LITERAL_CONVERSION = YES;
				CLANG_WARN_OBJC_ROOT_CLASS = YES_ERROR;
				CLANG_WARN_QUOTED_INCLUDE_IN_FRAMEWORK_HEADER = YES;
				CLANG_WARN_RANGE_LOOP_ANALYSIS = YES;
				CLANG_WARN_STRICT_PROTOTYPES = YES;
				CLANG_WARN_SUSPICIOUS_MOVE = YES;
				CLANG_WARN_UNREACHABLE_CODE = YES;
				CLANG_WARN__DUPLICATE_METHOD_MATCH = YES;
				"CODE_SIGN_IDENTITY[sdk=iphoneos*]" = "iPhone Developer";
				COPY_PHASE_STRIP = YES;
				ENABLE_NS_ASSERTIONS = NO;
				ENABLE_STRICT_OBJC_MSGSEND = YES;
				"EXCLUDED_ARCHS[sdk=iphonesimulator*]" = "arm64 ";
				GCC_C_LANGUAGE_STANDARD = gnu99;
				GCC_NO_COMMON_BLOCKS = YES;
				GCC_WARN_64_TO_32_BIT_CONVERSION = YES;
				GCC_WARN_ABOUT_RETURN_TYPE = YES_ERROR;
				GCC_WARN_UNDECLARED_SELECTOR = YES;
				GCC_WARN_UNINITIALIZED_AUTOS = YES_AGGRESSIVE;
				GCC_WARN_UNUSED_FUNCTION = YES;
				GCC_WARN_UNUSED_VARIABLE = YES;
				IPHONEOS_DEPLOYMENT_TARGET = 11.0;
				LD_RUNPATH_SEARCH_PATHS = (
					/usr/lib/swift,
					"$(inherited)",
				);
				LIBRARY_SEARCH_PATHS = (
					"\"$(SDKROOT)/usr/lib/swift\"",
					"\"$(TOOLCHAIN_DIR)/usr/lib/swift/$(PLATFORM_NAME)\"",
					"\"$(TOOLCHAIN_DIR)/usr/lib/swift-5.0/$(PLATFORM_NAME)\"",
					"\"$(inherited)\"",
				);
				MTL_ENABLE_DEBUG_INFO = NO;
				SDKROOT = iphoneos;
				VALIDATE_PRODUCT = YES;
			};
			name = Release;
		};
/* End XCBuildConfiguration section */

/* Begin XCConfigurationList section */
		00E357021AD99517003FC87E /* Build configuration list for PBXNativeTarget "rnAppCurrencyConverterTests" */ = {
			isa = XCConfigurationList;
			buildConfigurations = (
				00E356F61AD99517003FC87E /* Debug */,
				00E356F71AD99517003FC87E /* Release */,
			);
			defaultConfigurationIsVisible = 0;
			defaultConfigurationName = Release;
		};
		13B07F931A680F5B00A75B9A /* Build configuration list for PBXNativeTarget "rnAppCurrencyConverter" */ = {
			isa = XCConfigurationList;
			buildConfigurations = (
				13B07F941A680F5B00A75B9A /* Debug */,
				13B07F951A680F5B00A75B9A /* Release */,
			);
			defaultConfigurationIsVisible = 0;
			defaultConfigurationName = Release;
		};
		83CBB9FA1A601CBA00E9B192 /* Build configuration list for PBXProject "rnAppCurrencyConverter" */ = {
			isa = XCConfigurationList;
			buildConfigurations = (
				83CBBA201A601CBA00E9B192 /* Debug */,
				83CBBA211A601CBA00E9B192 /* Release */,
			);
			defaultConfigurationIsVisible = 0;
			defaultConfigurationName = Release;
		};
/* End XCConfigurationList section */
	};
	rootObject = 83CBB9F71A601CBA00E9B192 /* Project object */;
}
